// !$*UTF8*$!
{
	archiveVersion = 1;
	classes = {
	};
	objectVersion = 46;
	objects = {

/* Begin PBXBuildFile section */
		B27E79B01A526FDB00EF7E3B /* Current.swift in Sources */ = {isa = PBXBuildFile; fileRef = B27E79AF1A526FDB00EF7E3B /* Current.swift */; };
		B2CCA1E21A514C7B00F71CB2 /* AppDelegate.swift in Sources */ = {isa = PBXBuildFile; fileRef = B2CCA1E11A514C7B00F71CB2 /* AppDelegate.swift */; };
		B2CCA1E41A514C7B00F71CB2 /* ViewController.swift in Sources */ = {isa = PBXBuildFile; fileRef = B2CCA1E31A514C7B00F71CB2 /* ViewController.swift */; };
		B2CCA1E71A514C7B00F71CB2 /* Main.storyboard in Resources */ = {isa = PBXBuildFile; fileRef = B2CCA1E51A514C7B00F71CB2 /* Main.storyboard */; };
		B2CCA1E91A514C7B00F71CB2 /* Images.xcassets in Resources */ = {isa = PBXBuildFile; fileRef = B2CCA1E81A514C7B00F71CB2 /* Images.xcassets */; };
		B2CCA1EC1A514C7B00F71CB2 /* LaunchScreen.xib in Resources */ = {isa = PBXBuildFile; fileRef = B2CCA1EA1A514C7B00F71CB2 /* LaunchScreen.xib */; };
		B2CCA1F81A514C7B00F71CB2 /* StormyTests.swift in Sources */ = {isa = PBXBuildFile; fileRef = B2CCA1F71A514C7B00F71CB2 /* StormyTests.swift */; };
/* End PBXBuildFile section */

/* Begin PBXContainerItemProxy section */
		B2CCA1F21A514C7B00F71CB2 /* PBXContainerItemProxy */ = {
			isa = PBXContainerItemProxy;
			containerPortal = B2CCA1D41A514C7A00F71CB2 /* Project object */;
			proxyType = 1;
			remoteGlobalIDString = B2CCA1DB1A514C7A00F71CB2;
			remoteInfo = Stormy;
		};
/* End PBXContainerItemProxy section */

/* Begin PBXFileReference section */
		B27E79AF1A526FDB00EF7E3B /* Current.swift */ = {isa = PBXFileReference; fileEncoding = 4; lastKnownFileType = sourcecode.swift; path = Current.swift; sourceTree = "<group>"; };
		B2CCA1DC1A514C7A00F71CB2 /* Stormy.app */ = {isa = PBXFileReference; explicitFileType = wrapper.application; includeInIndex = 0; path = Stormy.app; sourceTree = BUILT_PRODUCTS_DIR; };
		B2CCA1E01A514C7B00F71CB2 /* Info.plist */ = {isa = PBXFileReference; lastKnownFileType = text.plist.xml; path = Info.plist; sourceTree = "<group>"; };
		B2CCA1E11A514C7B00F71CB2 /* AppDelegate.swift */ = {isa = PBXFileReference; lastKnownFileType = sourcecode.swift; path = AppDelegate.swift; sourceTree = "<group>"; };
		B2CCA1E31A514C7B00F71CB2 /* ViewController.swift */ = {isa = PBXFileReference; lastKnownFileType = sourcecode.swift; path = ViewController.swift; sourceTree = "<group>"; };
		B2CCA1E61A514C7B00F71CB2 /* Base */ = {isa = PBXFileReference; lastKnownFileType = file.storyboard; name = Base; path = Base.lproj/Main.storyboard; sourceTree = "<group>"; };
		B2CCA1E81A514C7B00F71CB2 /* Images.xcassets */ = {isa = PBXFileReference; lastKnownFileType = folder.assetcatalog; path = Images.xcassets; sourceTree = "<group>"; };
		B2CCA1EB1A514C7B00F71CB2 /* Base */ = {isa = PBXFileReference; lastKnownFileType = file.xib; name = Base; path = Base.lproj/LaunchScreen.xib; sourceTree = "<group>"; };
		B2CCA1F11A514C7B00F71CB2 /* StormyTests.xctest */ = {isa = PBXFileReference; explicitFileType = wrapper.cfbundle; includeInIndex = 0; path = StormyTests.xctest; sourceTree = BUILT_PRODUCTS_DIR; };
		B2CCA1F61A514C7B00F71CB2 /* Info.plist */ = {isa = PBXFileReference; lastKnownFileType = text.plist.xml; path = Info.plist; sourceTree = "<group>"; };
		B2CCA1F71A514C7B00F71CB2 /* StormyTests.swift */ = {isa = PBXFileReference; lastKnownFileType = sourcecode.swift; path = StormyTests.swift; sourceTree = "<group>"; };
/* End PBXFileReference section */

/* Begin PBXFrameworksBuildPhase section */
		B2CCA1D91A514C7A00F71CB2 /* Frameworks */ = {
			isa = PBXFrameworksBuildPhase;
			buildActionMask = 2147483647;
			files = (
			);
			runOnlyForDeploymentPostprocessing = 0;
		};
		B2CCA1EE1A514C7B00F71CB2 /* Frameworks */ = {
			isa = PBXFrameworksBuildPhase;
			buildActionMask = 2147483647;
			files = (
			);
			runOnlyForDeploymentPostprocessing = 0;
		};
/* End PBXFrameworksBuildPhase section */

/* Begin PBXGroup section */
		B2CCA1D31A514C7A00F71CB2 = {
			isa = PBXGroup;
			children = (
				B2CCA1DE1A514C7A00F71CB2 /* Stormy */,
				B2CCA1F41A514C7B00F71CB2 /* StormyTests */,
				B2CCA1DD1A514C7A00F71CB2 /* Products */,
			);
			sourceTree = "<group>";
		};
		B2CCA1DD1A514C7A00F71CB2 /* Products */ = {
			isa = PBXGroup;
			children = (
				B2CCA1DC1A514C7A00F71CB2 /* Stormy.app */,
				B2CCA1F11A514C7B00F71CB2 /* StormyTests.xctest */,
			);
			name = Products;
			sourceTree = "<group>";
		};
		B2CCA1DE1A514C7A00F71CB2 /* Stormy */ = {
			isa = PBXGroup;
			children = (
				B2CCA1E11A514C7B00F71CB2 /* AppDelegate.swift */,
				B2CCA1E31A514C7B00F71CB2 /* ViewController.swift */,
				B27E79AF1A526FDB00EF7E3B /* Current.swift */,
				B2CCA1E51A514C7B00F71CB2 /* Main.storyboard */,
				B2CCA1E81A514C7B00F71CB2 /* Images.xcassets */,
				B2CCA1EA1A514C7B00F71CB2 /* LaunchScreen.xib */,
				B2CCA1DF1A514C7A00F71CB2 /* Supporting Files */,
			);
			path = Stormy;
			sourceTree = "<group>";
		};
		B2CCA1DF1A514C7A00F71CB2 /* Supporting Files */ = {
			isa = PBXGroup;
			children = (
				B2CCA1E01A514C7B00F71CB2 /* Info.plist */,
			);
			name = "Supporting Files";
			sourceTree = "<group>";
		};
		B2CCA1F41A514C7B00F71CB2 /* StormyTests */ = {
			isa = PBXGroup;
			children = (
				B2CCA1F71A514C7B00F71CB2 /* StormyTests.swift */,
				B2CCA1F51A514C7B00F71CB2 /* Supporting Files */,
			);
			path = StormyTests;
			sourceTree = "<group>";
		};
		B2CCA1F51A514C7B00F71CB2 /* Supporting Files */ = {
			isa = PBXGroup;
			children = (
				B2CCA1F61A514C7B00F71CB2 /* Info.plist */,
			);
			name = "Supporting Files";
			sourceTree = "<group>";
		};
/* End PBXGroup section */

/* Begin PBXNativeTarget section */
		B2CCA1DB1A514C7A00F71CB2 /* Stormy */ = {
			isa = PBXNativeTarget;
			buildConfigurationList = B2CCA1FB1A514C7B00F71CB2 /* Build configuration list for PBXNativeTarget "Stormy" */;
			buildPhases = (
				B2CCA1D81A514C7A00F71CB2 /* Sources */,
				B2CCA1D91A514C7A00F71CB2 /* Frameworks */,
				B2CCA1DA1A514C7A00F71CB2 /* Resources */,
			);
			buildRules = (
			);
			dependencies = (
			);
			name = Stormy;
			productName = Stormy;
			productReference = B2CCA1DC1A514C7A00F71CB2 /* Stormy.app */;
			productType = "com.apple.product-type.application";
		};
		B2CCA1F01A514C7B00F71CB2 /* StormyTests */ = {
			isa = PBXNativeTarget;
			buildConfigurationList = B2CCA1FE1A514C7B00F71CB2 /* Build configuration list for PBXNativeTarget "StormyTests" */;
			buildPhases = (
				B2CCA1ED1A514C7B00F71CB2 /* Sources */,
				B2CCA1EE1A514C7B00F71CB2 /* Frameworks */,
				B2CCA1EF1A514C7B00F71CB2 /* Resources */,
			);
			buildRules = (
			);
			dependencies = (
				B2CCA1F31A514C7B00F71CB2 /* PBXTargetDependency */,
			);
			name = StormyTests;
			productName = StormyTests;
			productReference = B2CCA1F11A514C7B00F71CB2 /* StormyTests.xctest */;
			productType = "com.apple.product-type.bundle.unit-test";
		};
/* End PBXNativeTarget section */

/* Begin PBXProject section */
		B2CCA1D41A514C7A00F71CB2 /* Project object */ = {
			isa = PBXProject;
			attributes = {
				LastUpgradeCheck = 0610;
				ORGANIZATIONNAME = "Georgy Marrero";
				TargetAttributes = {
					B2CCA1DB1A514C7A00F71CB2 = {
						CreatedOnToolsVersion = 6.1.1;
					};
					B2CCA1F01A514C7B00F71CB2 = {
						CreatedOnToolsVersion = 6.1.1;
						TestTargetID = B2CCA1DB1A514C7A00F71CB2;
					};
				};
			};
			buildConfigurationList = B2CCA1D71A514C7A00F71CB2 /* Build configuration list for PBXProject "Stormy" */;
			compatibilityVersion = "Xcode 3.2";
			developmentRegion = English;
			hasScannedForEncodings = 0;
			knownRegions = (
				en,
				Base,
			);
			mainGroup = B2CCA1D31A514C7A00F71CB2;
			productRefGroup = B2CCA1DD1A514C7A00F71CB2 /* Products */;
			projectDirPath = "";
			projectRoot = "";
			targets = (
				B2CCA1DB1A514C7A00F71CB2 /* Stormy */,
				B2CCA1F01A514C7B00F71CB2 /* StormyTests */,
			);
		};
/* End PBXProject section */

/* Begin PBXResourcesBuildPhase section */
		B2CCA1DA1A514C7A00F71CB2 /* Resources */ = {
			isa = PBXResourcesBuildPhase;
			buildActionMask = 2147483647;
			files = (
				B2CCA1E71A514C7B00F71CB2 /* Main.storyboard in Resources */,
				B2CCA1EC1A514C7B00F71CB2 /* LaunchScreen.xib in Resources */,
				B2CCA1E91A514C7B00F71CB2 /* Images.xcassets in Resources */,
			);
			runOnlyForDeploymentPostprocessing = 0;
		};
		B2CCA1EF1A514C7B00F71CB2 /* Resources */ = {
			isa = PBXResourcesBuildPhase;
			buildActionMask = 2147483647;
			files = (
			);
			runOnlyForDeploymentPostprocessing = 0;
		};
/* End PBXResourcesBuildPhase section */

/* Begin PBXSourcesBuildPhase section */
		B2CCA1D81A514C7A00F71CB2 /* Sources */ = {
			isa = PBXSourcesBuildPhase;
			buildActionMask = 2147483647;
			files = (
				B27E79B01A526FDB00EF7E3B /* Current.swift in Sources */,
				B2CCA1E41A514C7B00F71CB2 /* ViewController.swift in Sources */,
				B2CCA1E21A514C7B00F71CB2 /* AppDelegate.swift in Sources */,
			);
			runOnlyForDeploymentPostprocessing = 0;
		};
		B2CCA1ED1A514C7B00F71CB2 /* Sources */ = {
			isa = PBXSourcesBuildPhase;
			buildActionMask = 2147483647;
			files = (
				B2CCA1F81A514C7B00F71CB2 /* StormyTests.swift in Sources */,
			);
			runOnlyForDeploymentPostprocessing = 0;
		};
/* End PBXSourcesBuildPhase section */

/* Begin PBXTargetDependency section */
		B2CCA1F31A514C7B00F71CB2 /* PBXTargetDependency */ = {
			isa = PBXTargetDependency;
			target = B2CCA1DB1A514C7A00F71CB2 /* Stormy */;
			targetProxy = B2CCA1F21A514C7B00F71CB2 /* PBXContainerItemProxy */;
		};
/* End PBXTargetDependency section */

/* Begin PBXVariantGroup section */
		B2CCA1E51A514C7B00F71CB2 /* Main.storyboard */ = {
			isa = PBXVariantGroup;
			children = (
				B2CCA1E61A514C7B00F71CB2 /* Base */,
			);
			name = Main.storyboard;
			sourceTree = "<group>";
		};
		B2CCA1EA1A514C7B00F71CB2 /* LaunchScreen.xib */ = {
			isa = PBXVariantGroup;
			children = (
				B2CCA1EB1A514C7B00F71CB2 /* Base */,
			);
			name = LaunchScreen.xib;
			sourceTree = "<group>";
		};
/* End PBXVariantGroup section */

/* Begin XCBuildConfiguration section */
		B2CCA1F91A514C7B00F71CB2 /* Debug */ = {
			isa = XCBuildConfiguration;
			buildSettings = {
				ALWAYS_SEARCH_USER_PATHS = NO;
				CLANG_CXX_LANGUAGE_STANDARD = "gnu++0x";
				CLANG_CXX_LIBRARY = "libc++";
				CLANG_ENABLE_MODULES = YES;
				CLANG_ENABLE_OBJC_ARC = YES;
				CLANG_WARN_BOOL_CONVERSION = YES;
				CLANG_WARN_CONSTANT_CONVERSION = YES;
				CLANG_WARN_DIRECT_OBJC_ISA_USAGE = YES_ERROR;
				CLANG_WARN_EMPTY_BODY = YES;
				CLANG_WARN_ENUM_CONVERSION = YES;
				CLANG_WARN_INT_CONVERSION = YES;
				CLANG_WARN_OBJC_ROOT_CLASS = YES_ERROR;
				CLANG_WARN_UNREACHABLE_CODE = YES;
				CLANG_WARN__DUPLICATE_METHOD_MATCH = YES;
				"CODE_SIGN_IDENTITY[sdk=iphoneos*]" = "iPhone Developer";
				COPY_PHASE_STRIP = NO;
				ENABLE_STRICT_OBJC_MSGSEND = YES;
				GCC_C_LANGUAGE_STANDARD = gnu99;
				GCC_DYNAMIC_NO_PIC = NO;
				GCC_OPTIMIZATION_LEVEL = 0;
				GCC_PREPROCESSOR_DEFINITIONS = (
					"DEBUG=1",
					"$(inherited)",
				);
				GCC_SYMBOLS_PRIVATE_EXTERN = NO;
				GCC_WARN_64_TO_32_BIT_CONVERSION = YES;
				GCC_WARN_ABOUT_RETURN_TYPE = YES_ERROR;
				GCC_WARN_UNDECLARED_SELECTOR = YES;
				GCC_WARN_UNINITIALIZED_AUTOS = YES_AGGRESSIVE;
				GCC_WARN_UNUSED_FUNCTION = YES;
				GCC_WARN_UNUSED_VARIABLE = YES;
				IPHONEOS_DEPLOYMENT_TARGET = 8.1;
				MTL_ENABLE_DEBUG_INFO = YES;
				ONLY_ACTIVE_ARCH = YES;
				SDKROOT = iphoneos;
				SWIFT_OPTIMIZATION_LEVEL = "-Onone";
			};
			name = Debug;
		};
		B2CCA1FA1A514C7B00F71CB2 /* Release */ = {
			isa = XCBuildConfiguration;
			buildSettings = {
				ALWAYS_SEARCH_USER_PATHS = NO;
				CLANG_CXX_LANGUAGE_STANDARD = "gnu++0x";
				CLANG_CXX_LIBRARY = "libc++";
				CLANG_ENABLE_MODULES = YES;
				CLANG_ENABLE_OBJC_ARC = YES;
				CLANG_WARN_BOOL_CONVERSION = YES;
				CLANG_WARN_CONSTANT_CONVERSION = YES;
				CLANG_WARN_DIRECT_OBJC_ISA_USAGE = YES_ERROR;
				CLANG_WARN_EMPTY_BODY = YES;
				CLANG_WARN_ENUM_CONVERSION = YES;
				CLANG_WARN_INT_CONVERSION = YES;
				CLANG_WARN_OBJC_ROOT_CLASS = YES_ERROR;
				CLANG_WARN_UNREACHABLE_CODE = YES;
				CLANG_WARN__DUPLICATE_METHOD_MATCH = YES;
				"CODE_SIGN_IDENTITY[sdk=iphoneos*]" = "iPhone Developer";
				COPY_PHASE_STRIP = YES;
				ENABLE_NS_ASSERTIONS = NO;
				ENABLE_STRICT_OBJC_MSGSEND = YES;
				GCC_C_LANGUAGE_STANDARD = gnu99;
				GCC_WARN_64_TO_32_BIT_CONVERSION = YES;
				GCC_WARN_ABOUT_RETURN_TYPE = YES_ERROR;
				GCC_WARN_UNDECLARED_SELECTOR = YES;
				GCC_WARN_UNINITIALIZED_AUTOS = YES_AGGRESSIVE;
				GCC_WARN_UNUSED_FUNCTION = YES;
				GCC_WARN_UNUSED_VARIABLE = YES;
				IPHONEOS_DEPLOYMENT_TARGET = 8.1;
				MTL_ENABLE_DEBUG_INFO = NO;
				SDKROOT = iphoneos;
				VALIDATE_PRODUCT = YES;
			};
			name = Release;
		};
		B2CCA1FC1A514C7B00F71CB2 /* Debug */ = {
			isa = XCBuildConfiguration;
			buildSettings = {
				ASSETCATALOG_COMPILER_APPICON_NAME = AppIcon;
				INFOPLIST_FILE = Stormy/Info.plist;
				LD_RUNPATH_SEARCH_PATHS = "$(inherited) @executable_path/Frameworks";
				PRODUCT_NAME = "$(TARGET_NAME)";
			};
			name = Debug;
		};
		B2CCA1FD1A514C7B00F71CB2 /* Release */ = {
			isa = XCBuildConfiguration;
			buildSettings = {
				ASSETCATALOG_COMPILER_APPICON_NAME = AppIcon;
				INFOPLIST_FILE = Stormy/Info.plist;
				LD_RUNPATH_SEARCH_PATHS = "$(inherited) @executable_path/Frameworks";
				PRODUCT_NAME = "$(TARGET_NAME)";
			};
			name = Release;
		};
		B2CCA1FF1A514C7B00F71CB2 /* Debug */ = {
			isa = XCBuildConfiguration;
			buildSettings = {
				BUNDLE_LOADER = "$(TEST_HOST)";
				FRAMEWORK_SEARCH_PATHS = (
					"$(SDKROOT)/Developer/Library/Frameworks",
					"$(inherited)",
				);
				GCC_PREPROCESSOR_DEFINITIONS = (
					"DEBUG=1",
					"$(inherited)",
				);
				INFOPLIST_FILE = StormyTests/Info.plist;
				LD_RUNPATH_SEARCH_PATHS = "$(inherited) @executable_path/Frameworks @loader_path/Frameworks";
				PRODUCT_NAME = "$(TARGET_NAME)";
				TEST_HOST = "$(BUILT_PRODUCTS_DIR)/Stormy.app/Stormy";
			};
			name = Debug;
		};
		B2CCA2001A514C7B00F71CB2 /* Release */ = {
			isa = XCBuildConfiguration;
			buildSettings = {
				BUNDLE_LOADER = "$(TEST_HOST)";
				FRAMEWORK_SEARCH_PATHS = (
					"$(SDKROOT)/Developer/Library/Frameworks",
					"$(inherited)",
				);
				INFOPLIST_FILE = StormyTests/Info.plist;
				LD_RUNPATH_SEARCH_PATHS = "$(inherited) @executable_path/Frameworks @loader_path/Frameworks";
				PRODUCT_NAME = "$(TARGET_NAME)";
				TEST_HOST = "$(BUILT_PRODUCTS_DIR)/Stormy.app/Stormy";
			};
			name = Release;
		};
/* End XCBuildConfiguration section */

/* Begin XCConfigurationList section */
		B2CCA1D71A514C7A00F71CB2 /* Build configuration list for PBXProject "Stormy" */ = {
			isa = XCConfigurationList;
			buildConfigurations = (
				B2CCA1F91A514C7B00F71CB2 /* Debug */,
				B2CCA1FA1A514C7B00F71CB2 /* Release */,
			);
			defaultConfigurationIsVisible = 0;
			defaultConfigurationName = Release;
		};
		B2CCA1FB1A514C7B00F71CB2 /* Build configuration list for PBXNativeTarget "Stormy" */ = {
			isa = XCConfigurationList;
			buildConfigurations = (
				B2CCA1FC1A514C7B00F71CB2 /* Debug */,
				B2CCA1FD1A514C7B00F71CB2 /* Release */,
			);
			defaultConfigurationIsVisible = 0;
			defaultConfigurationName = Release;
		};
		B2CCA1FE1A514C7B00F71CB2 /* Build configuration list for PBXNativeTarget "StormyTests" */ = {
			isa = XCConfigurationList;
			buildConfigurations = (
				B2CCA1FF1A514C7B00F71CB2 /* Debug */,
				B2CCA2001A514C7B00F71CB2 /* Release */,
			);
			defaultConfigurationIsVisible = 0;
			defaultConfigurationName = Release;
		};
/* End XCConfigurationList section */
	};
	rootObject = B2CCA1D41A514C7A00F71CB2 /* Project object */;
}
